
Microsoft Visual Studio Solution File, Format Version 12.00
# Visual Studio Version 16
VisualStudioVersion = 16.0.32413.511
MinimumVisualStudioVersion = 10.0.40219.1
Project("{9A19103F-16F7-4668-BE54-9A1E7A4F7556}") = "NanoXLSX.Formatting .NET Standard", "NanoXLSX.Formatting .NET Standard\NanoXLSX.Formatting .NET Standard.csproj", "{1FEB6FDB-5B3F-4FD4-BBFA-3AD8CDF23E3F}"
EndProject
Project("{FAE04EC0-301F-11D3-BF4B-00C04F79EFBC}") = "NanoXLSX.Formatting", "NanoXLSX.Formatting\NanoXLSX.Formatting.csproj", "{13407696-0815-41F4-B03C-EDD9A5F3C89D}"
EndProject
Project("{2150E333-8FDC-42A3-9474-1A3956D46DE8}") = "Solution Items", "Solution Items", "{9A5D6822-0E2F-4AEE-AD88-422A89EF688C}"
	ProjectSection(SolutionItems) = preProject
		..\Changelog.md = ..\Changelog.md
		..\LICENSE = ..\LICENSE
		..\README.md = ..\README.md
	EndProjectSection
EndProject
Global
	GlobalSection(SolutionConfigurationPlatforms) = preSolution
		Debug|Any CPU = Debug|Any CPU
		Release|Any CPU = Release|Any CPU
	EndGlobalSection
	GlobalSection(ProjectConfigurationPlatforms) = postSolution
		{1FEB6FDB-5B3F-4FD4-BBFA-3AD8CDF23E3F}.Debug|Any CPU.ActiveCfg = Debug|Any CPU
		{1FEB6FDB-5B3F-4FD4-BBFA-3AD8CDF23E3F}.Debug|Any CPU.Build.0 = Debug|Any CPU
		{1FEB6FDB-5B3F-4FD4-BBFA-3AD8CDF23E3F}.Release|Any CPU.ActiveCfg = Release|Any CPU
		{1FEB6FDB-5B3F-4FD4-BBFA-3AD8CDF23E3F}.Release|Any CPU.Build.0 = Release|Any CPU
		{13407696-0815-41F4-B03C-EDD9A5F3C89D}.Debug|Any CPU.ActiveCfg = Debug|Any CPU
		{13407696-0815-41F4-B03C-EDD9A5F3C89D}.Debug|Any CPU.Build.0 = Debug|Any CPU
		{13407696-0815-41F4-B03C-EDD9A5F3C89D}.Release|Any CPU.ActiveCfg = Release|Any CPU
		{13407696-0815-41F4-B03C-EDD9A5F3C89D}.Release|Any CPU.Build.0 = Release|Any CPU
	EndGlobalSection
	GlobalSection(SolutionProperties) = preSolution
		HideSolutionNode = FALSE
	EndGlobalSection
	GlobalSection(ExtensibilityGlobals) = postSolution
		SolutionGuid = {9054E300-C732-4F24-AE26-F95A0CDDA9D7}
	EndGlobalSection
EndGlobal
